# THIS IS AN AUTOGENERATED FILE. DO NOT EDIT THIS FILE DIRECTLY.
# yarn lockfile v1
"a@github:jwalsh/probable-dollop#a":
  version "1.0.0"
  resolved "https://codeload.github.com/jwalsh/probable-dollop/tar.gz/f144e622e51d45130f6879378895c00c165e864a"

"b@github:jwalsh/probable-dollop#b":
  version "1.0.0"
  resolved "https://codeload.github.com/jwalsh/probable-dollop/tar.gz/1f595bf0f9bc8dc5e77e409f149c955c72491830"

"master@github:jwalsh/probable-dollop":
  version "1.0.0"
  resolved "https://codeload.github.com/jwalsh/probable-dollop/tar.gz/4efd42a74df36e28852a2026e87294db842e6147"

